
Microsoft Visual Studio Solution File, Format Version 12.00
# Visual Studio Version 17
VisualStudioVersion = 17.5.33424.131
MinimumVisualStudioVersion = 10.0.40219.1
Project("{FAE04EC0-301F-11D3-BF4B-00C04F79EFBC}") = "Sysmap-udemy-test", "Sysmap-udemy-test.csproj", "{19CC8388-F7A5-4859-8E9A-F93D00C8A198}"
EndProject
Global
	GlobalSection(SolutionConfigurationPlatforms) = preSolution
		Debug|Any CPU = Debug|Any CPU
		Release|Any CPU = Release|Any CPU
	EndGlobalSection
	GlobalSection(ProjectConfigurationPlatforms) = postSolution
		{19CC8388-F7A5-4859-8E9A-F93D00C8A198}.Debug|Any CPU.ActiveCfg = Debug|Any CPU
		{19CC8388-F7A5-4859-8E9A-F93D00C8A198}.Debug|Any CPU.Build.0 = Debug|Any CPU
		{19CC8388-F7A5-4859-8E9A-F93D00C8A198}.Release|Any CPU.ActiveCfg = Release|Any CPU
		{19CC8388-F7A5-4859-8E9A-F93D00C8A198}.Release|Any CPU.Build.0 = Release|Any CPU
	EndGlobalSection
	GlobalSection(SolutionProperties) = preSolution
		HideSolutionNode = FALSE
	EndGlobalSection
	GlobalSection(ExtensibilityGlobals) = postSolution
		SolutionGuid = {DDF18E3B-FAA7-40B1-98B2-A6A36EB495FC}
	EndGlobalSection
EndGlobal
